{
    "_readme": [
        "This file locks the dependencies of your project to a known state",
        "Read more about it at https://getcomposer.org/doc/01-basic-usage.md#installing-dependencies",
        "This file is @generated automatically"
    ],
    "content-hash": "ff51943405c2a5775ca9eee108afc2fb",
    "packages": [],
    "packages-dev": [],
    "aliases": [],
    "minimum-stability": "stable",
    "stability-flags": [],
    "prefer-stable": false,
    "prefer-lowest": false,
    "platform": {
        "php": "^5.6|>=7.0",
        "ext-xml": "*",
        "ext-zlib": "*",
        "ext-curl": "*"
    },
    "platform-dev": [],
    "plugin-api-version": "2.1.0"
}
